
Microsoft Visual Studio Solution File, Format Version 12.00
# Visual Studio Version 17
VisualStudioVersion = 17.13.35825.156
MinimumVisualStudioVersion = 10.0.40219.1
Project("{FAE04EC0-301F-11D3-BF4B-00C04F79EFBC}") = "AboveTheLaw", "AboveTheLaw\AboveTheLaw.csproj", "{816FBEC3-4084-4A82-A8DE-5BDAD95F06DE}"
EndProject
Global
	GlobalSection(SolutionConfigurationPlatforms) = preSolution
		Debug|Any CPU = Debug|Any CPU
		Debug|x64 = Debug|x64
		Release|Any CPU = Release|Any CPU
		Release|x64 = Release|x64
	EndGlobalSection
	GlobalSection(ProjectConfigurationPlatforms) = postSolution
		{816FBEC3-4084-4A82-A8DE-5BDAD95F06DE}.Debug|Any CPU.ActiveCfg = Debug|Any CPU
		{816FBEC3-4084-4A82-A8DE-5BDAD95F06DE}.Debug|Any CPU.Build.0 = Debug|Any CPU
		{816FBEC3-4084-4A82-A8DE-5BDAD95F06DE}.Debug|x64.ActiveCfg = Debug|x64
		{816FBEC3-4084-4A82-A8DE-5BDAD95F06DE}.Debug|x64.Build.0 = Debug|x64
		{816FBEC3-4084-4A82-A8DE-5BDAD95F06DE}.Release|Any CPU.ActiveCfg = Release|Any CPU
		{816FBEC3-4084-4A82-A8DE-5BDAD95F06DE}.Release|Any CPU.Build.0 = Release|Any CPU
		{816FBEC3-4084-4A82-A8DE-5BDAD95F06DE}.Release|x64.ActiveCfg = Release|Any CPU
		{816FBEC3-4084-4A82-A8DE-5BDAD95F06DE}.Release|x64.Build.0 = Release|Any CPU
	EndGlobalSection
	GlobalSection(SolutionProperties) = preSolution
		HideSolutionNode = FALSE
	EndGlobalSection
	GlobalSection(ExtensibilityGlobals) = postSolution
		SolutionGuid = {BA4453A2-6A65-4A6A-9BE8-4EC656F47137}
	EndGlobalSection
EndGlobal
